
Microsoft Visual Studio Solution File, Format Version 12.00
# Visual Studio 15
VisualStudioVersion = 15.0.27004.2009
MinimumVisualStudioVersion = 10.0.40219.1
Project("{FAE04EC0-301F-11D3-BF4B-00C04F79EFBC}") = "Tiger.ORM.ModelConfiguration", "Tiger.ORM.ModelConfiguration\Tiger.ORM.ModelConfiguration.csproj", "{F1B74282-DDDA-4FEB-AE35-23FB5911A0C4}"
EndProject
Project("{FAE04EC0-301F-11D3-BF4B-00C04F79EFBC}") = "Tiger.ORM", "Tiger.ORM\Tiger.ORM.csproj", "{1EDD0427-BA24-4F2E-9AB4-2DC55906EDA5}"
EndProject
Global
	GlobalSection(SolutionConfigurationPlatforms) = preSolution
		Debug|Any CPU = Debug|Any CPU
		Release|Any CPU = Release|Any CPU
	EndGlobalSection
	GlobalSection(ProjectConfigurationPlatforms) = postSolution
		{F1B74282-DDDA-4FEB-AE35-23FB5911A0C4}.Debug|Any CPU.ActiveCfg = Debug|Any CPU
		{F1B74282-DDDA-4FEB-AE35-23FB5911A0C4}.Debug|Any CPU.Build.0 = Debug|Any CPU
		{F1B74282-DDDA-4FEB-AE35-23FB5911A0C4}.Release|Any CPU.ActiveCfg = Release|Any CPU
		{F1B74282-DDDA-4FEB-AE35-23FB5911A0C4}.Release|Any CPU.Build.0 = Release|Any CPU
		{1EDD0427-BA24-4F2E-9AB4-2DC55906EDA5}.Debug|Any CPU.ActiveCfg = Debug|Any CPU
		{1EDD0427-BA24-4F2E-9AB4-2DC55906EDA5}.Debug|Any CPU.Build.0 = Debug|Any CPU
		{1EDD0427-BA24-4F2E-9AB4-2DC55906EDA5}.Release|Any CPU.ActiveCfg = Release|Any CPU
		{1EDD0427-BA24-4F2E-9AB4-2DC55906EDA5}.Release|Any CPU.Build.0 = Release|Any CPU
	EndGlobalSection
	GlobalSection(SolutionProperties) = preSolution
		HideSolutionNode = FALSE
	EndGlobalSection
	GlobalSection(ExtensibilityGlobals) = postSolution
		SolutionGuid = {2412A48C-6AF2-4931-A597-55091B76FE2A}
	EndGlobalSection
EndGlobal
